
Microsoft Visual Studio Solution File, Format Version 12.00
# Visual Studio Version 16
VisualStudioVersion = 16.0.31624.102
MinimumVisualStudioVersion = 10.0.40219.1
Project("{FAE04EC0-301F-11D3-BF4B-00C04F79EFBC}") = "HelloWorld", "HelloWorld\HelloWorld.csproj", "{72F72465-396D-485E-B23E-5DE1A858CB70}"
EndProject
Global
	GlobalSection(SolutionConfigurationPlatforms) = preSolution
		Debug|Any CPU = Debug|Any CPU
		Release|Any CPU = Release|Any CPU
	EndGlobalSection
	GlobalSection(ProjectConfigurationPlatforms) = postSolution
		{72F72465-396D-485E-B23E-5DE1A858CB70}.Debug|Any CPU.ActiveCfg = Debug|Any CPU
		{72F72465-396D-485E-B23E-5DE1A858CB70}.Debug|Any CPU.Build.0 = Debug|Any CPU
		{72F72465-396D-485E-B23E-5DE1A858CB70}.Release|Any CPU.ActiveCfg = Release|Any CPU
		{72F72465-396D-485E-B23E-5DE1A858CB70}.Release|Any CPU.Build.0 = Release|Any CPU
	EndGlobalSection
	GlobalSection(SolutionProperties) = preSolution
		HideSolutionNode = FALSE
	EndGlobalSection
	GlobalSection(ExtensibilityGlobals) = postSolution
		SolutionGuid = {BA2791AB-7288-4BC9-B1AC-26F2EBD697EE}
	EndGlobalSection
EndGlobal
